{
  "name": "ohnous",
  "lockfileVersion": 3,
  "requires": true,
  "packages": {
    "": {
      "dependencies": {
        "intl-tel-input": "^28.0.4"
      }
    },
    "node_modules/intl-tel-input": {
      "version": "28.0.4",
      "resolved": "https://registry.npmjs.org/intl-tel-input/-/intl-tel-input-28.0.4.tgz",
      "integrity": "sha512-7uRoetfwFHJ0+H3V+ptg/PaqEDeDy9AeFmUG2X+9Xs2Nev+A4w7SAdy492YpMffq9104XKS1P7G4ZXEa+bFOOQ==",
      "license": "MIT"
    }
  }
}
